
Microsoft Visual Studio Solution File, Format Version 12.00
# Visual Studio Version 17
VisualStudioVersion = 17.6.33815.320
MinimumVisualStudioVersion = 10.0.40219.1
Project("{FAE04EC0-301F-11D3-BF4B-00C04F79EFBC}") = "Airline", "Airline\Airline.csproj", "{F661DA1F-269A-47C5-943E-80E2AD157C68}"
EndProject
Global
	GlobalSection(SolutionConfigurationPlatforms) = preSolution
		Debug|Any CPU = Debug|Any CPU
		Release|Any CPU = Release|Any CPU
	EndGlobalSection
	GlobalSection(ProjectConfigurationPlatforms) = postSolution
		{F661DA1F-269A-47C5-943E-80E2AD157C68}.Debug|Any CPU.ActiveCfg = Debug|Any CPU
		{F661DA1F-269A-47C5-943E-80E2AD157C68}.Debug|Any CPU.Build.0 = Debug|Any CPU
		{F661DA1F-269A-47C5-943E-80E2AD157C68}.Release|Any CPU.ActiveCfg = Release|Any CPU
		{F661DA1F-269A-47C5-943E-80E2AD157C68}.Release|Any CPU.Build.0 = Release|Any CPU
	EndGlobalSection
	GlobalSection(SolutionProperties) = preSolution
		HideSolutionNode = FALSE
	EndGlobalSection
	GlobalSection(ExtensibilityGlobals) = postSolution
		SolutionGuid = {527B0F33-C0A7-4E12-A8EC-B9C7727E2927}
	EndGlobalSection
EndGlobal
